
Microsoft Visual Studio Solution File, Format Version 12.00
# Visual Studio 2012
Project("{FAE04EC0-301F-11D3-BF4B-00C04F79EFBC}") = "01.CreateArray", "01.CreateArray\01.CreateArray.csproj", "{87838371-B33B-4F73-A4F7-7149F2BBD441}"
EndProject
Project("{FAE04EC0-301F-11D3-BF4B-00C04F79EFBC}") = "02.CompareArrays", "02.CompareArrays\02.CompareArrays.csproj", "{B824E893-343F-4AA2-9036-269E3282183F}"
EndProject
Project("{FAE04EC0-301F-11D3-BF4B-00C04F79EFBC}") = "03.CompareCharArrays", "03.CompareCharArrays\03.CompareCharArrays.csproj", "{FA899ECA-15E3-439C-8B52-5FFBFDD86E09}"
EndProject
Project("{FAE04EC0-301F-11D3-BF4B-00C04F79EFBC}") = "04.MaximalSequenceInArray", "04.MaximalSequenceInArray\04.MaximalSequenceInArray.csproj", "{8ED92818-42A1-4FEE-8181-15D5C6A8E63D}"
EndProject
Project("{FAE04EC0-301F-11D3-BF4B-00C04F79EFBC}") = "05.MaximalIncreasingNumberInArray", "05.MaximalIncreasingNumberInArray\05.MaximalIncreasingNumberInArray.csproj", "{DD91727F-DBE3-4C5D-8E61-9A95A6E6C162}"
EndProject
Project("{FAE04EC0-301F-11D3-BF4B-00C04F79EFBC}") = "06.FindArrayWithMaximalSum", "06.FindArrayWithMaximalSum\06.FindArrayWithMaximalSum.csproj", "{11CC7CAD-688E-46C1-AD3D-CB73DEED7716}"
EndProject
Project("{FAE04EC0-301F-11D3-BF4B-00C04F79EFBC}") = "07.SortArrays", "07.SortArrays\07.SortArrays.csproj", "{56F23D2D-D06F-45A9-B34A-DB349B578C9B}"
EndProject
Project("{FAE04EC0-301F-11D3-BF4B-00C04F79EFBC}") = "08.FindSequenceOfMaximalSum", "08.FindSequenceOfMaximalSum\08.FindSequenceOfMaximalSum.csproj", "{62A0217A-DAC7-40FE-9753-7704B9EDFDD3}"
EndProject
Project("{FAE04EC0-301F-11D3-BF4B-00C04F79EFBC}") = "09.FindMostFrequentNumber", "09.FindMostFrequentNumber\09.FindMostFrequentNumber.csproj", "{C25D2293-3ED9-47B1-99FA-FA8C9CED5E17}"
EndProject
Project("{FAE04EC0-301F-11D3-BF4B-00C04F79EFBC}") = "10.FindSequenceOfGivenSum", "10.FindSequenceOfGivenSum\10.FindSequenceOfGivenSum.csproj", "{63D4C5B9-5F0A-4AEA-BEE5-8AA9C773176E}"
EndProject
Project("{FAE04EC0-301F-11D3-BF4B-00C04F79EFBC}") = "11.BinarySearchInArray", "11.BinarySearchInArray\11.BinarySearchInArray.csproj", "{FE579BB7-C35D-4E7B-A6AF-4E0EB7F1422B}"
EndProject
Project("{FAE04EC0-301F-11D3-BF4B-00C04F79EFBC}") = "12.PrintIndexOfWord", "12.PrintIndexOfWord\12.PrintIndexOfWord.csproj", "{B13B6D6C-3A71-43F1-93C8-4F735E7B5011}"
EndProject
Project("{FAE04EC0-301F-11D3-BF4B-00C04F79EFBC}") = "13.MergeSortAlgorithm", "13.MergeSortAlgorithm\13.MergeSortAlgorithm.csproj", "{5EC715C7-AA3F-4A4D-888A-80663F86EC87}"
EndProject
Project("{FAE04EC0-301F-11D3-BF4B-00C04F79EFBC}") = "14.QuickSort", "14.QuickSort\14.QuickSort.csproj", "{5531A1CF-2A51-4B47-87B1-BDBCCC971FFD}"
EndProject
Project("{FAE04EC0-301F-11D3-BF4B-00C04F79EFBC}") = "15.SieveOfEratosthenes", "15.SieveOfEratosthenes\15.SieveOfEratosthenes.csproj", "{C64567E9-0EC3-4C1B-95EC-53F49A4DB7A8}"
EndProject
Project("{FAE04EC0-301F-11D3-BF4B-00C04F79EFBC}") = "16.SubsetWithSumS", "16.SubsetWithSumS\16.SubsetWithSumS.csproj", "{A9FA2402-7B8E-4043-A4E1-04358F610C94}"
EndProject
Project("{FAE04EC0-301F-11D3-BF4B-00C04F79EFBC}") = "20.Variations", "20.Variations\20.Variations.csproj", "{47E27959-57AF-4BD0-8F65-9EF5C459FA0C}"
EndProject
Project("{FAE04EC0-301F-11D3-BF4B-00C04F79EFBC}") = "21.DistinctElements", "21.DistinctElements\21.DistinctElements.csproj", "{9A5A70F4-56C4-4204-8F2C-FE2655A824DE}"
EndProject
Global
	GlobalSection(TeamFoundationVersionControl) = preSolution
		SccNumberOfProjects = 19
		SccEnterpriseProvider = {4CA58AB2-18FA-4F8D-95D4-32DDF27D184C}
		SccTeamFoundationServer = https://penchev.visualstudio.com/defaultcollection
		SccLocalPath0 = .
		SccProjectUniqueName1 = 01.CreateArray\\01.CreateArray.csproj
		SccProjectName1 = 01.CreateArray
		SccLocalPath1 = 01.CreateArray
		SccProjectUniqueName2 = 02.CompareArrays\\02.CompareArrays.csproj
		SccProjectName2 = 02.CompareArrays
		SccLocalPath2 = 02.CompareArrays
		SccProjectUniqueName3 = 03.CompareCharArrays\\03.CompareCharArrays.csproj
		SccProjectName3 = 03.CompareCharArrays
		SccLocalPath3 = 03.CompareCharArrays
		SccProjectUniqueName4 = 04.MaximalSequenceInArray\\04.MaximalSequenceInArray.csproj
		SccProjectName4 = 04.MaximalSequenceInArray
		SccLocalPath4 = 04.MaximalSequenceInArray
		SccProjectUniqueName5 = 05.MaximalIncreasingNumberInArray\\05.MaximalIncreasingNumberInArray.csproj
		SccProjectName5 = 05.MaximalIncreasingNumberInArray
		SccLocalPath5 = 05.MaximalIncreasingNumberInArray
		SccProjectUniqueName6 = 06.FindArrayWithMaximalSum\\06.FindArrayWithMaximalSum.csproj
		SccProjectName6 = 06.FindArrayWithMaximalSum
		SccLocalPath6 = 06.FindArrayWithMaximalSum
		SccProjectUniqueName7 = 07.SortArrays\\07.SortArrays.csproj
		SccProjectName7 = 07.SortArrays
		SccLocalPath7 = 07.SortArrays
		SccProjectUniqueName8 = 08.FindSequenceOfMaximalSum\\08.FindSequenceOfMaximalSum.csproj
		SccProjectName8 = 08.FindSequenceOfMaximalSum
		SccLocalPath8 = 08.FindSequenceOfMaximalSum
		SccProjectUniqueName9 = 09.FindMostFrequentNumber\\09.FindMostFrequentNumber.csproj
		SccProjectName9 = 09.FindMostFrequentNumber
		SccLocalPath9 = 09.FindMostFrequentNumber
		SccProjectUniqueName10 = 10.FindSequenceOfGivenSum\\10.FindSequenceOfGivenSum.csproj
		SccProjectName10 = 10.FindSequenceOfGivenSum
		SccLocalPath10 = 10.FindSequenceOfGivenSum
		SccProjectUniqueName11 = 11.BinarySearchInArray\\11.BinarySearchInArray.csproj
		SccProjectName11 = 11.BinarySearchInArray
		SccLocalPath11 = 11.BinarySearchInArray
		SccProjectUniqueName12 = 12.PrintIndexOfWord\\12.PrintIndexOfWord.csproj
		SccProjectName12 = 12.PrintIndexOfWord
		SccLocalPath12 = 12.PrintIndexOfWord
		SccProjectUniqueName13 = 13.MergeSortAlgorithm\\13.MergeSortAlgorithm.csproj
		SccProjectName13 = 13.MergeSortAlgorithm
		SccLocalPath13 = 13.MergeSortAlgorithm
		SccProjectUniqueName14 = 14.QuickSort\\14.QuickSort.csproj
		SccProjectName14 = 14.QuickSort
		SccLocalPath14 = 14.QuickSort
		SccProjectUniqueName15 = 15.SieveOfEratosthenes\\15.SieveOfEratosthenes.csproj
		SccProjectName15 = 15.SieveOfEratosthenes
		SccLocalPath15 = 15.SieveOfEratosthenes
		SccProjectUniqueName16 = 16.SubsetWithSumS\\16.SubsetWithSumS.csproj
		SccProjectName16 = 16.SubsetWithSumS
		SccLocalPath16 = 16.SubsetWithSumS
		SccProjectUniqueName17 = 20.Variations\\20.Variations.csproj
		SccProjectName17 = 20.Variations
		SccLocalPath17 = 20.Variations
		SccProjectUniqueName18 = 21.DistinctElements\\21.DistinctElements.csproj
		SccProjectName18 = 21.DistinctElements
		SccLocalPath18 = 21.DistinctElements
	EndGlobalSection
	GlobalSection(SolutionConfigurationPlatforms) = preSolution
		Debug|Any CPU = Debug|Any CPU
		Debug|Mixed Platforms = Debug|Mixed Platforms
		Debug|x86 = Debug|x86
		Release|Any CPU = Release|Any CPU
		Release|Mixed Platforms = Release|Mixed Platforms
		Release|x86 = Release|x86
	EndGlobalSection
	GlobalSection(ProjectConfigurationPlatforms) = postSolution
		{87838371-B33B-4F73-A4F7-7149F2BBD441}.Debug|Any CPU.ActiveCfg = Debug|x86
		{87838371-B33B-4F73-A4F7-7149F2BBD441}.Debug|Mixed Platforms.ActiveCfg = Debug|x86
		{87838371-B33B-4F73-A4F7-7149F2BBD441}.Debug|Mixed Platforms.Build.0 = Debug|x86
		{87838371-B33B-4F73-A4F7-7149F2BBD441}.Debug|x86.ActiveCfg = Debug|x86
		{87838371-B33B-4F73-A4F7-7149F2BBD441}.Debug|x86.Build.0 = Debug|x86
		{87838371-B33B-4F73-A4F7-7149F2BBD441}.Release|Any CPU.ActiveCfg = Release|x86
		{87838371-B33B-4F73-A4F7-7149F2BBD441}.Release|Mixed Platforms.ActiveCfg = Release|x86
		{87838371-B33B-4F73-A4F7-7149F2BBD441}.Release|Mixed Platforms.Build.0 = Release|x86
		{87838371-B33B-4F73-A4F7-7149F2BBD441}.Release|x86.ActiveCfg = Release|x86
		{87838371-B33B-4F73-A4F7-7149F2BBD441}.Release|x86.Build.0 = Release|x86
		{B824E893-343F-4AA2-9036-269E3282183F}.Debug|Any CPU.ActiveCfg = Debug|x86
		{B824E893-343F-4AA2-9036-269E3282183F}.Debug|Mixed Platforms.ActiveCfg = Debug|x86
		{B824E893-343F-4AA2-9036-269E3282183F}.Debug|Mixed Platforms.Build.0 = Debug|x86
		{B824E893-343F-4AA2-9036-269E3282183F}.Debug|x86.ActiveCfg = Debug|x86
		{B824E893-343F-4AA2-9036-269E3282183F}.Debug|x86.Build.0 = Debug|x86
		{B824E893-343F-4AA2-9036-269E3282183F}.Release|Any CPU.ActiveCfg = Release|x86
		{B824E893-343F-4AA2-9036-269E3282183F}.Release|Mixed Platforms.ActiveCfg = Release|x86
		{B824E893-343F-4AA2-9036-269E3282183F}.Release|Mixed Platforms.Build.0 = Release|x86
		{B824E893-343F-4AA2-9036-269E3282183F}.Release|x86.ActiveCfg = Release|x86
		{B824E893-343F-4AA2-9036-269E3282183F}.Release|x86.Build.0 = Release|x86
		{FA899ECA-15E3-439C-8B52-5FFBFDD86E09}.Debug|Any CPU.ActiveCfg = Debug|x86
		{FA899ECA-15E3-439C-8B52-5FFBFDD86E09}.Debug|Mixed Platforms.ActiveCfg = Debug|x86
		{FA899ECA-15E3-439C-8B52-5FFBFDD86E09}.Debug|Mixed Platforms.Build.0 = Debug|x86
		{FA899ECA-15E3-439C-8B52-5FFBFDD86E09}.Debug|x86.ActiveCfg = Debug|x86
		{FA899ECA-15E3-439C-8B52-5FFBFDD86E09}.Debug|x86.Build.0 = Debug|x86
		{FA899ECA-15E3-439C-8B52-5FFBFDD86E09}.Release|Any CPU.ActiveCfg = Release|x86
		{FA899ECA-15E3-439C-8B52-5FFBFDD86E09}.Release|Mixed Platforms.ActiveCfg = Release|x86
		{FA899ECA-15E3-439C-8B52-5FFBFDD86E09}.Release|Mixed Platforms.Build.0 = Release|x86
		{FA899ECA-15E3-439C-8B52-5FFBFDD86E09}.Release|x86.ActiveCfg = Release|x86
		{FA899ECA-15E3-439C-8B52-5FFBFDD86E09}.Release|x86.Build.0 = Release|x86
		{8ED92818-42A1-4FEE-8181-15D5C6A8E63D}.Debug|Any CPU.ActiveCfg = Debug|x86
		{8ED92818-42A1-4FEE-8181-15D5C6A8E63D}.Debug|Mixed Platforms.ActiveCfg = Debug|x86
		{8ED92818-42A1-4FEE-8181-15D5C6A8E63D}.Debug|Mixed Platforms.Build.0 = Debug|x86
		{8ED92818-42A1-4FEE-8181-15D5C6A8E63D}.Debug|x86.ActiveCfg = Debug|x86
		{8ED92818-42A1-4FEE-8181-15D5C6A8E63D}.Debug|x86.Build.0 = Debug|x86
		{8ED92818-42A1-4FEE-8181-15D5C6A8E63D}.Release|Any CPU.ActiveCfg = Release|x86
		{8ED92818-42A1-4FEE-8181-15D5C6A8E63D}.Release|Mixed Platforms.ActiveCfg = Release|x86
		{8ED92818-42A1-4FEE-8181-15D5C6A8E63D}.Release|Mixed Platforms.Build.0 = Release|x86
		{8ED92818-42A1-4FEE-8181-15D5C6A8E63D}.Release|x86.ActiveCfg = Release|x86
		{8ED92818-42A1-4FEE-8181-15D5C6A8E63D}.Release|x86.Build.0 = Release|x86
		{DD91727F-DBE3-4C5D-8E61-9A95A6E6C162}.Debug|Any CPU.ActiveCfg = Debug|x86
		{DD91727F-DBE3-4C5D-8E61-9A95A6E6C162}.Debug|Mixed Platforms.ActiveCfg = Debug|x86
		{DD91727F-DBE3-4C5D-8E61-9A95A6E6C162}.Debug|Mixed Platforms.Build.0 = Debug|x86
		{DD91727F-DBE3-4C5D-8E61-9A95A6E6C162}.Debug|x86.ActiveCfg = Debug|x86
		{DD91727F-DBE3-4C5D-8E61-9A95A6E6C162}.Debug|x86.Build.0 = Debug|x86
		{DD91727F-DBE3-4C5D-8E61-9A95A6E6C162}.Release|Any CPU.ActiveCfg = Release|x86
		{DD91727F-DBE3-4C5D-8E61-9A95A6E6C162}.Release|Mixed Platforms.ActiveCfg = Release|x86
		{DD91727F-DBE3-4C5D-8E61-9A95A6E6C162}.Release|Mixed Platforms.Build.0 = Release|x86
		{DD91727F-DBE3-4C5D-8E61-9A95A6E6C162}.Release|x86.ActiveCfg = Release|x86
		{DD91727F-DBE3-4C5D-8E61-9A95A6E6C162}.Release|x86.Build.0 = Release|x86
		{11CC7CAD-688E-46C1-AD3D-CB73DEED7716}.Debug|Any CPU.ActiveCfg = Debug|x86
		{11CC7CAD-688E-46C1-AD3D-CB73DEED7716}.Debug|Mixed Platforms.ActiveCfg = Debug|x86
		{11CC7CAD-688E-46C1-AD3D-CB73DEED7716}.Debug|Mixed Platforms.Build.0 = Debug|x86
		{11CC7CAD-688E-46C1-AD3D-CB73DEED7716}.Debug|x86.ActiveCfg = Debug|x86
		{11CC7CAD-688E-46C1-AD3D-CB73DEED7716}.Debug|x86.Build.0 = Debug|x86
		{11CC7CAD-688E-46C1-AD3D-CB73DEED7716}.Release|Any CPU.ActiveCfg = Release|x86
		{11CC7CAD-688E-46C1-AD3D-CB73DEED7716}.Release|Mixed Platforms.ActiveCfg = Release|x86
		{11CC7CAD-688E-46C1-AD3D-CB73DEED7716}.Release|Mixed Platforms.Build.0 = Release|x86
		{11CC7CAD-688E-46C1-AD3D-CB73DEED7716}.Release|x86.ActiveCfg = Release|x86
		{11CC7CAD-688E-46C1-AD3D-CB73DEED7716}.Release|x86.Build.0 = Release|x86
		{56F23D2D-D06F-45A9-B34A-DB349B578C9B}.Debug|Any CPU.ActiveCfg = Debug|x86
		{56F23D2D-D06F-45A9-B34A-DB349B578C9B}.Debug|Mixed Platforms.ActiveCfg = Debug|x86
		{56F23D2D-D06F-45A9-B34A-DB349B578C9B}.Debug|Mixed Platforms.Build.0 = Debug|x86
		{56F23D2D-D06F-45A9-B34A-DB349B578C9B}.Debug|x86.ActiveCfg = Debug|x86
		{56F23D2D-D06F-45A9-B34A-DB349B578C9B}.Debug|x86.Build.0 = Debug|x86
		{56F23D2D-D06F-45A9-B34A-DB349B578C9B}.Release|Any CPU.ActiveCfg = Release|x86
		{56F23D2D-D06F-45A9-B34A-DB349B578C9B}.Release|Mixed Platforms.ActiveCfg = Release|x86
		{56F23D2D-D06F-45A9-B34A-DB349B578C9B}.Release|Mixed Platforms.Build.0 = Release|x86
		{56F23D2D-D06F-45A9-B34A-DB349B578C9B}.Release|x86.ActiveCfg = Release|x86
		{56F23D2D-D06F-45A9-B34A-DB349B578C9B}.Release|x86.Build.0 = Release|x86
		{62A0217A-DAC7-40FE-9753-7704B9EDFDD3}.Debug|Any CPU.ActiveCfg = Debug|x86
		{62A0217A-DAC7-40FE-9753-7704B9EDFDD3}.Debug|Mixed Platforms.ActiveCfg = Debug|x86
		{62A0217A-DAC7-40FE-9753-7704B9EDFDD3}.Debug|Mixed Platforms.Build.0 = Debug|x86
		{62A0217A-DAC7-40FE-9753-7704B9EDFDD3}.Debug|x86.ActiveCfg = Debug|x86
		{62A0217A-DAC7-40FE-9753-7704B9EDFDD3}.Debug|x86.Build.0 = Debug|x86
		{62A0217A-DAC7-40FE-9753-7704B9EDFDD3}.Release|Any CPU.ActiveCfg = Release|x86
		{62A0217A-DAC7-40FE-9753-7704B9EDFDD3}.Release|Mixed Platforms.ActiveCfg = Release|x86
		{62A0217A-DAC7-40FE-9753-7704B9EDFDD3}.Release|Mixed Platforms.Build.0 = Release|x86
		{62A0217A-DAC7-40FE-9753-7704B9EDFDD3}.Release|x86.ActiveCfg = Release|x86
		{62A0217A-DAC7-40FE-9753-7704B9EDFDD3}.Release|x86.Build.0 = Release|x86
		{C25D2293-3ED9-47B1-99FA-FA8C9CED5E17}.Debug|Any CPU.ActiveCfg = Debug|x86
		{C25D2293-3ED9-47B1-99FA-FA8C9CED5E17}.Debug|Mixed Platforms.ActiveCfg = Debug|x86
		{C25D2293-3ED9-47B1-99FA-FA8C9CED5E17}.Debug|Mixed Platforms.Build.0 = Debug|x86
		{C25D2293-3ED9-47B1-99FA-FA8C9CED5E17}.Debug|x86.ActiveCfg = Debug|x86
		{C25D2293-3ED9-47B1-99FA-FA8C9CED5E17}.Debug|x86.Build.0 = Debug|x86
		{C25D2293-3ED9-47B1-99FA-FA8C9CED5E17}.Release|Any CPU.ActiveCfg = Release|x86
		{C25D2293-3ED9-47B1-99FA-FA8C9CED5E17}.Release|Mixed Platforms.ActiveCfg = Release|x86
		{C25D2293-3ED9-47B1-99FA-FA8C9CED5E17}.Release|Mixed Platforms.Build.0 = Release|x86
		{C25D2293-3ED9-47B1-99FA-FA8C9CED5E17}.Release|x86.ActiveCfg = Release|x86
		{C25D2293-3ED9-47B1-99FA-FA8C9CED5E17}.Release|x86.Build.0 = Release|x86
		{63D4C5B9-5F0A-4AEA-BEE5-8AA9C773176E}.Debug|Any CPU.ActiveCfg = Debug|x86
		{63D4C5B9-5F0A-4AEA-BEE5-8AA9C773176E}.Debug|Mixed Platforms.ActiveCfg = Debug|x86
		{63D4C5B9-5F0A-4AEA-BEE5-8AA9C773176E}.Debug|Mixed Platforms.Build.0 = Debug|x86
		{63D4C5B9-5F0A-4AEA-BEE5-8AA9C773176E}.Debug|x86.ActiveCfg = Debug|x86
		{63D4C5B9-5F0A-4AEA-BEE5-8AA9C773176E}.Debug|x86.Build.0 = Debug|x86
		{63D4C5B9-5F0A-4AEA-BEE5-8AA9C773176E}.Release|Any CPU.ActiveCfg = Release|x86
		{63D4C5B9-5F0A-4AEA-BEE5-8AA9C773176E}.Release|Mixed Platforms.ActiveCfg = Release|x86
		{63D4C5B9-5F0A-4AEA-BEE5-8AA9C773176E}.Release|Mixed Platforms.Build.0 = Release|x86
		{63D4C5B9-5F0A-4AEA-BEE5-8AA9C773176E}.Release|x86.ActiveCfg = Release|x86
		{63D4C5B9-5F0A-4AEA-BEE5-8AA9C773176E}.Release|x86.Build.0 = Release|x86
		{FE579BB7-C35D-4E7B-A6AF-4E0EB7F1422B}.Debug|Any CPU.ActiveCfg = Debug|x86
		{FE579BB7-C35D-4E7B-A6AF-4E0EB7F1422B}.Debug|Mixed Platforms.ActiveCfg = Debug|x86
		{FE579BB7-C35D-4E7B-A6AF-4E0EB7F1422B}.Debug|Mixed Platforms.Build.0 = Debug|x86
		{FE579BB7-C35D-4E7B-A6AF-4E0EB7F1422B}.Debug|x86.ActiveCfg = Debug|x86
		{FE579BB7-C35D-4E7B-A6AF-4E0EB7F1422B}.Debug|x86.Build.0 = Debug|x86
		{FE579BB7-C35D-4E7B-A6AF-4E0EB7F1422B}.Release|Any CPU.ActiveCfg = Release|x86
		{FE579BB7-C35D-4E7B-A6AF-4E0EB7F1422B}.Release|Mixed Platforms.ActiveCfg = Release|x86
		{FE579BB7-C35D-4E7B-A6AF-4E0EB7F1422B}.Release|Mixed Platforms.Build.0 = Release|x86
		{FE579BB7-C35D-4E7B-A6AF-4E0EB7F1422B}.Release|x86.ActiveCfg = Release|x86
		{FE579BB7-C35D-4E7B-A6AF-4E0EB7F1422B}.Release|x86.Build.0 = Release|x86
		{B13B6D6C-3A71-43F1-93C8-4F735E7B5011}.Debug|Any CPU.ActiveCfg = Debug|x86
		{B13B6D6C-3A71-43F1-93C8-4F735E7B5011}.Debug|Mixed Platforms.ActiveCfg = Debug|x86
		{B13B6D6C-3A71-43F1-93C8-4F735E7B5011}.Debug|Mixed Platforms.Build.0 = Debug|x86
		{B13B6D6C-3A71-43F1-93C8-4F735E7B5011}.Debug|x86.ActiveCfg = Debug|x86
		{B13B6D6C-3A71-43F1-93C8-4F735E7B5011}.Debug|x86.Build.0 = Debug|x86
		{B13B6D6C-3A71-43F1-93C8-4F735E7B5011}.Release|Any CPU.ActiveCfg = Release|x86
		{B13B6D6C-3A71-43F1-93C8-4F735E7B5011}.Release|Mixed Platforms.ActiveCfg = Release|x86
		{B13B6D6C-3A71-43F1-93C8-4F735E7B5011}.Release|Mixed Platforms.Build.0 = Release|x86
		{B13B6D6C-3A71-43F1-93C8-4F735E7B5011}.Release|x86.ActiveCfg = Release|x86
		{B13B6D6C-3A71-43F1-93C8-4F735E7B5011}.Release|x86.Build.0 = Release|x86
		{5EC715C7-AA3F-4A4D-888A-80663F86EC87}.Debug|Any CPU.ActiveCfg = Debug|x86
		{5EC715C7-AA3F-4A4D-888A-80663F86EC87}.Debug|Mixed Platforms.ActiveCfg = Debug|x86
		{5EC715C7-AA3F-4A4D-888A-80663F86EC87}.Debug|Mixed Platforms.Build.0 = Debug|x86
		{5EC715C7-AA3F-4A4D-888A-80663F86EC87}.Debug|x86.ActiveCfg = Debug|x86
		{5EC715C7-AA3F-4A4D-888A-80663F86EC87}.Debug|x86.Build.0 = Debug|x86
		{5EC715C7-AA3F-4A4D-888A-80663F86EC87}.Release|Any CPU.ActiveCfg = Release|x86
		{5EC715C7-AA3F-4A4D-888A-80663F86EC87}.Release|Mixed Platforms.ActiveCfg = Release|x86
		{5EC715C7-AA3F-4A4D-888A-80663F86EC87}.Release|Mixed Platforms.Build.0 = Release|x86
		{5EC715C7-AA3F-4A4D-888A-80663F86EC87}.Release|x86.ActiveCfg = Release|x86
		{5EC715C7-AA3F-4A4D-888A-80663F86EC87}.Release|x86.Build.0 = Release|x86
		{5531A1CF-2A51-4B47-87B1-BDBCCC971FFD}.Debug|Any CPU.ActiveCfg = Debug|x86
		{5531A1CF-2A51-4B47-87B1-BDBCCC971FFD}.Debug|Mixed Platforms.ActiveCfg = Debug|x86
		{5531A1CF-2A51-4B47-87B1-BDBCCC971FFD}.Debug|Mixed Platforms.Build.0 = Debug|x86
		{5531A1CF-2A51-4B47-87B1-BDBCCC971FFD}.Debug|x86.ActiveCfg = Debug|x86
		{5531A1CF-2A51-4B47-87B1-BDBCCC971FFD}.Debug|x86.Build.0 = Debug|x86
		{5531A1CF-2A51-4B47-87B1-BDBCCC971FFD}.Release|Any CPU.ActiveCfg = Release|x86
		{5531A1CF-2A51-4B47-87B1-BDBCCC971FFD}.Release|Mixed Platforms.ActiveCfg = Release|x86
		{5531A1CF-2A51-4B47-87B1-BDBCCC971FFD}.Release|Mixed Platforms.Build.0 = Release|x86
		{5531A1CF-2A51-4B47-87B1-BDBCCC971FFD}.Release|x86.ActiveCfg = Release|x86
		{5531A1CF-2A51-4B47-87B1-BDBCCC971FFD}.Release|x86.Build.0 = Release|x86
		{C64567E9-0EC3-4C1B-95EC-53F49A4DB7A8}.Debug|Any CPU.ActiveCfg = Debug|x86
		{C64567E9-0EC3-4C1B-95EC-53F49A4DB7A8}.Debug|Mixed Platforms.ActiveCfg = Debug|x86
		{C64567E9-0EC3-4C1B-95EC-53F49A4DB7A8}.Debug|Mixed Platforms.Build.0 = Debug|x86
		{C64567E9-0EC3-4C1B-95EC-53F49A4DB7A8}.Debug|x86.ActiveCfg = Debug|x86
		{C64567E9-0EC3-4C1B-95EC-53F49A4DB7A8}.Debug|x86.Build.0 = Debug|x86
		{C64567E9-0EC3-4C1B-95EC-53F49A4DB7A8}.Release|Any CPU.ActiveCfg = Release|x86
		{C64567E9-0EC3-4C1B-95EC-53F49A4DB7A8}.Release|Mixed Platforms.ActiveCfg = Release|x86
		{C64567E9-0EC3-4C1B-95EC-53F49A4DB7A8}.Release|Mixed Platforms.Build.0 = Release|x86
		{C64567E9-0EC3-4C1B-95EC-53F49A4DB7A8}.Release|x86.ActiveCfg = Release|x86
		{C64567E9-0EC3-4C1B-95EC-53F49A4DB7A8}.Release|x86.Build.0 = Release|x86
		{A9FA2402-7B8E-4043-A4E1-04358F610C94}.Debug|Any CPU.ActiveCfg = Debug|x86
		{A9FA2402-7B8E-4043-A4E1-04358F610C94}.Debug|Mixed Platforms.ActiveCfg = Debug|x86
		{A9FA2402-7B8E-4043-A4E1-04358F610C94}.Debug|Mixed Platforms.Build.0 = Debug|x86
		{A9FA2402-7B8E-4043-A4E1-04358F610C94}.Debug|x86.ActiveCfg = Debug|x86
		{A9FA2402-7B8E-4043-A4E1-04358F610C94}.Debug|x86.Build.0 = Debug|x86
		{A9FA2402-7B8E-4043-A4E1-04358F610C94}.Release|Any CPU.ActiveCfg = Release|x86
		{A9FA2402-7B8E-4043-A4E1-04358F610C94}.Release|Mixed Platforms.ActiveCfg = Release|x86
		{A9FA2402-7B8E-4043-A4E1-04358F610C94}.Release|Mixed Platforms.Build.0 = Release|x86
		{A9FA2402-7B8E-4043-A4E1-04358F610C94}.Release|x86.ActiveCfg = Release|x86
		{A9FA2402-7B8E-4043-A4E1-04358F610C94}.Release|x86.Build.0 = Release|x86
		{47E27959-57AF-4BD0-8F65-9EF5C459FA0C}.Debug|Any CPU.ActiveCfg = Debug|Any CPU
		{47E27959-57AF-4BD0-8F65-9EF5C459FA0C}.Debug|Any CPU.Build.0 = Debug|Any CPU
		{47E27959-57AF-4BD0-8F65-9EF5C459FA0C}.Debug|Mixed Platforms.ActiveCfg = Debug|Any CPU
		{47E27959-57AF-4BD0-8F65-9EF5C459FA0C}.Debug|Mixed Platforms.Build.0 = Debug|Any CPU
		{47E27959-57AF-4BD0-8F65-9EF5C459FA0C}.Debug|x86.ActiveCfg = Debug|Any CPU
		{47E27959-57AF-4BD0-8F65-9EF5C459FA0C}.Release|Any CPU.ActiveCfg = Release|Any CPU
		{47E27959-57AF-4BD0-8F65-9EF5C459FA0C}.Release|Any CPU.Build.0 = Release|Any CPU
		{47E27959-57AF-4BD0-8F65-9EF5C459FA0C}.Release|Mixed Platforms.ActiveCfg = Release|Any CPU
		{47E27959-57AF-4BD0-8F65-9EF5C459FA0C}.Release|Mixed Platforms.Build.0 = Release|Any CPU
		{47E27959-57AF-4BD0-8F65-9EF5C459FA0C}.Release|x86.ActiveCfg = Release|Any CPU
		{9A5A70F4-56C4-4204-8F2C-FE2655A824DE}.Debug|Any CPU.ActiveCfg = Debug|Any CPU
		{9A5A70F4-56C4-4204-8F2C-FE2655A824DE}.Debug|Any CPU.Build.0 = Debug|Any CPU
		{9A5A70F4-56C4-4204-8F2C-FE2655A824DE}.Debug|Mixed Platforms.ActiveCfg = Debug|Any CPU
		{9A5A70F4-56C4-4204-8F2C-FE2655A824DE}.Debug|Mixed Platforms.Build.0 = Debug|Any CPU
		{9A5A70F4-56C4-4204-8F2C-FE2655A824DE}.Debug|x86.ActiveCfg = Debug|Any CPU
		{9A5A70F4-56C4-4204-8F2C-FE2655A824DE}.Release|Any CPU.ActiveCfg = Release|Any CPU
		{9A5A70F4-56C4-4204-8F2C-FE2655A824DE}.Release|Any CPU.Build.0 = Release|Any CPU
		{9A5A70F4-56C4-4204-8F2C-FE2655A824DE}.Release|Mixed Platforms.ActiveCfg = Release|Any CPU
		{9A5A70F4-56C4-4204-8F2C-FE2655A824DE}.Release|Mixed Platforms.Build.0 = Release|Any CPU
		{9A5A70F4-56C4-4204-8F2C-FE2655A824DE}.Release|x86.ActiveCfg = Release|Any CPU
	EndGlobalSection
	GlobalSection(SolutionProperties) = preSolution
		HideSolutionNode = FALSE
	EndGlobalSection
EndGlobal
