
Microsoft Visual Studio Solution File, Format Version 12.00
# Visual Studio 2012
Project("{FAE04EC0-301F-11D3-BF4B-00C04F79EFBC}") = "01.TreesAndTraversal", "TreesAndTraversal\01.TreesAndTraversal.csproj", "{0E9296BD-9079-4BE6-A5A7-5AEF242EA0E1}"
EndProject
Project("{FAE04EC0-301F-11D3-BF4B-00C04F79EFBC}") = "02.TraverseFileSystem", "02.TraverseFileSystem\02.TraverseFileSystem.csproj", "{82EDE831-3532-42D0-98DF-C845958013E2}"
EndProject
Project("{FAE04EC0-301F-11D3-BF4B-00C04F79EFBC}") = "03.CreateDirectoryTree", "03.CreateDirectoryTree\03.CreateDirectoryTree.csproj", "{7F6ED282-7168-4C18-9702-1E136FE3F020}"
EndProject
Global
	GlobalSection(SolutionConfigurationPlatforms) = preSolution
		Debug|Any CPU = Debug|Any CPU
		Release|Any CPU = Release|Any CPU
	EndGlobalSection
	GlobalSection(ProjectConfigurationPlatforms) = postSolution
		{0E9296BD-9079-4BE6-A5A7-5AEF242EA0E1}.Debug|Any CPU.ActiveCfg = Debug|Any CPU
		{0E9296BD-9079-4BE6-A5A7-5AEF242EA0E1}.Debug|Any CPU.Build.0 = Debug|Any CPU
		{0E9296BD-9079-4BE6-A5A7-5AEF242EA0E1}.Release|Any CPU.ActiveCfg = Release|Any CPU
		{0E9296BD-9079-4BE6-A5A7-5AEF242EA0E1}.Release|Any CPU.Build.0 = Release|Any CPU
		{82EDE831-3532-42D0-98DF-C845958013E2}.Debug|Any CPU.ActiveCfg = Debug|Any CPU
		{82EDE831-3532-42D0-98DF-C845958013E2}.Debug|Any CPU.Build.0 = Debug|Any CPU
		{82EDE831-3532-42D0-98DF-C845958013E2}.Release|Any CPU.ActiveCfg = Release|Any CPU
		{82EDE831-3532-42D0-98DF-C845958013E2}.Release|Any CPU.Build.0 = Release|Any CPU
		{7F6ED282-7168-4C18-9702-1E136FE3F020}.Debug|Any CPU.ActiveCfg = Debug|Any CPU
		{7F6ED282-7168-4C18-9702-1E136FE3F020}.Debug|Any CPU.Build.0 = Debug|Any CPU
		{7F6ED282-7168-4C18-9702-1E136FE3F020}.Release|Any CPU.ActiveCfg = Release|Any CPU
		{7F6ED282-7168-4C18-9702-1E136FE3F020}.Release|Any CPU.Build.0 = Release|Any CPU
	EndGlobalSection
	GlobalSection(SolutionProperties) = preSolution
		HideSolutionNode = FALSE
	EndGlobalSection
EndGlobal
