
Microsoft Visual Studio Solution File, Format Version 12.00
# Visual Studio 2013
VisualStudioVersion = 12.0.20827.3
MinimumVisualStudioVersion = 10.0.40219.1
Project("{FAE04EC0-301F-11D3-BF4B-00C04F79EFBC}") = "HotLikes", "HotLikes\HotLikes.csproj", "{C797F1B1-25D2-4EE2-A22F-2EFB75BABE26}"
EndProject
Project("{FAE04EC0-301F-11D3-BF4B-00C04F79EFBC}") = "HotLikes.Data", "HotLikes.Data\HotLikes.Data.csproj", "{A5110B75-359F-4E74-8544-2B27ADE054B1}"
EndProject
Project("{FAE04EC0-301F-11D3-BF4B-00C04F79EFBC}") = "HotLikes.Models", "HotLikes.Models\HotLikes.Models.csproj", "{1356FBA5-CE50-4A95-8F4D-1D137C1856D6}"
EndProject
Global
	GlobalSection(TeamFoundationVersionControl) = preSolution
		SccNumberOfProjects = 4
		SccEnterpriseProvider = {4CA58AB2-18FA-4F8D-95D4-32DDF27D184C}
		SccTeamFoundationServer = https://tfs.codeplex.com/tfs/tfs22
		SccLocalPath0 = .
		SccProjectUniqueName1 = HotLikes.Data\\HotLikes.Data.csproj
		SccProjectName1 = HotLikes.Data
		SccLocalPath1 = HotLikes.Data
		SccProjectUniqueName2 = HotLikes.Models\\HotLikes.Models.csproj
		SccProjectName2 = HotLikes.Models
		SccLocalPath2 = HotLikes.Models
		SccProjectUniqueName3 = HotLikes\\HotLikes.csproj
		SccProjectName3 = HotLikes
		SccLocalPath3 = HotLikes
	EndGlobalSection
	GlobalSection(SolutionConfigurationPlatforms) = preSolution
		Debug|Any CPU = Debug|Any CPU
		Release|Any CPU = Release|Any CPU
	EndGlobalSection
	GlobalSection(ProjectConfigurationPlatforms) = postSolution
		{C797F1B1-25D2-4EE2-A22F-2EFB75BABE26}.Debug|Any CPU.ActiveCfg = Debug|Any CPU
		{C797F1B1-25D2-4EE2-A22F-2EFB75BABE26}.Debug|Any CPU.Build.0 = Debug|Any CPU
		{C797F1B1-25D2-4EE2-A22F-2EFB75BABE26}.Release|Any CPU.ActiveCfg = Release|Any CPU
		{C797F1B1-25D2-4EE2-A22F-2EFB75BABE26}.Release|Any CPU.Build.0 = Release|Any CPU
		{A5110B75-359F-4E74-8544-2B27ADE054B1}.Debug|Any CPU.ActiveCfg = Debug|Any CPU
		{A5110B75-359F-4E74-8544-2B27ADE054B1}.Debug|Any CPU.Build.0 = Debug|Any CPU
		{A5110B75-359F-4E74-8544-2B27ADE054B1}.Release|Any CPU.ActiveCfg = Release|Any CPU
		{A5110B75-359F-4E74-8544-2B27ADE054B1}.Release|Any CPU.Build.0 = Release|Any CPU
		{1356FBA5-CE50-4A95-8F4D-1D137C1856D6}.Debug|Any CPU.ActiveCfg = Debug|Any CPU
		{1356FBA5-CE50-4A95-8F4D-1D137C1856D6}.Debug|Any CPU.Build.0 = Debug|Any CPU
		{1356FBA5-CE50-4A95-8F4D-1D137C1856D6}.Release|Any CPU.ActiveCfg = Release|Any CPU
		{1356FBA5-CE50-4A95-8F4D-1D137C1856D6}.Release|Any CPU.Build.0 = Release|Any CPU
	EndGlobalSection
	GlobalSection(SolutionProperties) = preSolution
		HideSolutionNode = FALSE
	EndGlobalSection
EndGlobal
