
Microsoft Visual Studio Solution File, Format Version 12.00
# Visual Studio 2012
Project("{FAE04EC0-301F-11D3-BF4B-00C04F79EFBC}") = "01.CountDoubleNumbers", "01.CountDoubleNumbers\01.CountDoubleNumbers.csproj", "{D8B2B698-29FC-45C0-A8BC-4476132516C0}"
EndProject
Project("{FAE04EC0-301F-11D3-BF4B-00C04F79EFBC}") = "02.ExtractOddWords", "02.ExtractOddWords\02.ExtractOddWords.csproj", "{2A62D2FA-8D6A-42BF-8098-2FDB536F3939}"
EndProject
Project("{FAE04EC0-301F-11D3-BF4B-00C04F79EFBC}") = "03.CountWordsInGivenTextFile", "03.CountWordsInGivenTextFile\03.CountWordsInGivenTextFile.csproj", "{7601773E-0A04-4AA0-B621-159C03948557}"
EndProject
Project("{FAE04EC0-301F-11D3-BF4B-00C04F79EFBC}") = "04.HashTable", "04.HashTable\04.HashTable.csproj", "{E5EE4293-805F-4CB3-B6DA-F02E7A6A0953}"
EndProject
Project("{FAE04EC0-301F-11D3-BF4B-00C04F79EFBC}") = "05.HashedSet", "05.HashedSet\05.HashedSet.csproj", "{DF919667-CC9B-43E3-922E-CA96C2EA88CC}"
EndProject
Project("{FAE04EC0-301F-11D3-BF4B-00C04F79EFBC}") = "06.Phones", "06.Phones\06.Phones.csproj", "{F1E26C73-F9AC-4085-ABEB-826D0D83F12A}"
EndProject
Global
	GlobalSection(SolutionConfigurationPlatforms) = preSolution
		Debug|Any CPU = Debug|Any CPU
		Release|Any CPU = Release|Any CPU
	EndGlobalSection
	GlobalSection(ProjectConfigurationPlatforms) = postSolution
		{D8B2B698-29FC-45C0-A8BC-4476132516C0}.Debug|Any CPU.ActiveCfg = Debug|Any CPU
		{D8B2B698-29FC-45C0-A8BC-4476132516C0}.Debug|Any CPU.Build.0 = Debug|Any CPU
		{D8B2B698-29FC-45C0-A8BC-4476132516C0}.Release|Any CPU.ActiveCfg = Release|Any CPU
		{D8B2B698-29FC-45C0-A8BC-4476132516C0}.Release|Any CPU.Build.0 = Release|Any CPU
		{2A62D2FA-8D6A-42BF-8098-2FDB536F3939}.Debug|Any CPU.ActiveCfg = Debug|Any CPU
		{2A62D2FA-8D6A-42BF-8098-2FDB536F3939}.Debug|Any CPU.Build.0 = Debug|Any CPU
		{2A62D2FA-8D6A-42BF-8098-2FDB536F3939}.Release|Any CPU.ActiveCfg = Release|Any CPU
		{2A62D2FA-8D6A-42BF-8098-2FDB536F3939}.Release|Any CPU.Build.0 = Release|Any CPU
		{7601773E-0A04-4AA0-B621-159C03948557}.Debug|Any CPU.ActiveCfg = Debug|Any CPU
		{7601773E-0A04-4AA0-B621-159C03948557}.Debug|Any CPU.Build.0 = Debug|Any CPU
		{7601773E-0A04-4AA0-B621-159C03948557}.Release|Any CPU.ActiveCfg = Release|Any CPU
		{7601773E-0A04-4AA0-B621-159C03948557}.Release|Any CPU.Build.0 = Release|Any CPU
		{E5EE4293-805F-4CB3-B6DA-F02E7A6A0953}.Debug|Any CPU.ActiveCfg = Debug|Any CPU
		{E5EE4293-805F-4CB3-B6DA-F02E7A6A0953}.Debug|Any CPU.Build.0 = Debug|Any CPU
		{E5EE4293-805F-4CB3-B6DA-F02E7A6A0953}.Release|Any CPU.ActiveCfg = Release|Any CPU
		{E5EE4293-805F-4CB3-B6DA-F02E7A6A0953}.Release|Any CPU.Build.0 = Release|Any CPU
		{DF919667-CC9B-43E3-922E-CA96C2EA88CC}.Debug|Any CPU.ActiveCfg = Debug|Any CPU
		{DF919667-CC9B-43E3-922E-CA96C2EA88CC}.Debug|Any CPU.Build.0 = Debug|Any CPU
		{DF919667-CC9B-43E3-922E-CA96C2EA88CC}.Release|Any CPU.ActiveCfg = Release|Any CPU
		{DF919667-CC9B-43E3-922E-CA96C2EA88CC}.Release|Any CPU.Build.0 = Release|Any CPU
		{F1E26C73-F9AC-4085-ABEB-826D0D83F12A}.Debug|Any CPU.ActiveCfg = Debug|Any CPU
		{F1E26C73-F9AC-4085-ABEB-826D0D83F12A}.Debug|Any CPU.Build.0 = Debug|Any CPU
		{F1E26C73-F9AC-4085-ABEB-826D0D83F12A}.Release|Any CPU.ActiveCfg = Release|Any CPU
		{F1E26C73-F9AC-4085-ABEB-826D0D83F12A}.Release|Any CPU.Build.0 = Release|Any CPU
	EndGlobalSection
	GlobalSection(SolutionProperties) = preSolution
		HideSolutionNode = FALSE
	EndGlobalSection
EndGlobal
