
Microsoft Visual Studio Solution File, Format Version 12.00
# Visual Studio 2012
Project("{FAE04EC0-301F-11D3-BF4B-00C04F79EFBC}") = "Student.Common", "Student.Common\Student.Common.csproj", "{9FD0E871-15C3-40A0-AB30-BA461015F3DE}"
EndProject
Project("{FAE04EC0-301F-11D3-BF4B-00C04F79EFBC}") = "TestStudent", "TestStudent\TestStudent.csproj", "{997CBB3A-345E-410D-9E72-3300E46FACFE}"
EndProject
Project("{FAE04EC0-301F-11D3-BF4B-00C04F79EFBC}") = "TestPerson", "TestPerson\TestPerson.csproj", "{D0599519-36C9-49C6-80C2-CABA80A98769}"
EndProject
Project("{FAE04EC0-301F-11D3-BF4B-00C04F79EFBC}") = "Persons.Common", "Persons\Persons.Common.csproj", "{6563CF68-31E4-40DC-A225-82A95618ED57}"
EndProject
Project("{FAE04EC0-301F-11D3-BF4B-00C04F79EFBC}") = "BinarySearchTrees", "BinarySearchTrees\BinarySearchTrees.csproj", "{9ED3B160-05B3-4596-BABF-B68754E21303}"
EndProject
Project("{FAE04EC0-301F-11D3-BF4B-00C04F79EFBC}") = "TestTree", "TestTree\TestTree.csproj", "{3A31AF7E-BAB9-4300-8D93-64C06A3F8AFD}"
EndProject
Global
	GlobalSection(SolutionConfigurationPlatforms) = preSolution
		Debug|Any CPU = Debug|Any CPU
		Release|Any CPU = Release|Any CPU
	EndGlobalSection
	GlobalSection(ProjectConfigurationPlatforms) = postSolution
		{9FD0E871-15C3-40A0-AB30-BA461015F3DE}.Debug|Any CPU.ActiveCfg = Debug|Any CPU
		{9FD0E871-15C3-40A0-AB30-BA461015F3DE}.Debug|Any CPU.Build.0 = Debug|Any CPU
		{9FD0E871-15C3-40A0-AB30-BA461015F3DE}.Release|Any CPU.ActiveCfg = Release|Any CPU
		{9FD0E871-15C3-40A0-AB30-BA461015F3DE}.Release|Any CPU.Build.0 = Release|Any CPU
		{997CBB3A-345E-410D-9E72-3300E46FACFE}.Debug|Any CPU.ActiveCfg = Debug|Any CPU
		{997CBB3A-345E-410D-9E72-3300E46FACFE}.Debug|Any CPU.Build.0 = Debug|Any CPU
		{997CBB3A-345E-410D-9E72-3300E46FACFE}.Release|Any CPU.ActiveCfg = Release|Any CPU
		{997CBB3A-345E-410D-9E72-3300E46FACFE}.Release|Any CPU.Build.0 = Release|Any CPU
		{D0599519-36C9-49C6-80C2-CABA80A98769}.Debug|Any CPU.ActiveCfg = Debug|Any CPU
		{D0599519-36C9-49C6-80C2-CABA80A98769}.Debug|Any CPU.Build.0 = Debug|Any CPU
		{D0599519-36C9-49C6-80C2-CABA80A98769}.Release|Any CPU.ActiveCfg = Release|Any CPU
		{D0599519-36C9-49C6-80C2-CABA80A98769}.Release|Any CPU.Build.0 = Release|Any CPU
		{6563CF68-31E4-40DC-A225-82A95618ED57}.Debug|Any CPU.ActiveCfg = Debug|Any CPU
		{6563CF68-31E4-40DC-A225-82A95618ED57}.Debug|Any CPU.Build.0 = Debug|Any CPU
		{6563CF68-31E4-40DC-A225-82A95618ED57}.Release|Any CPU.ActiveCfg = Release|Any CPU
		{6563CF68-31E4-40DC-A225-82A95618ED57}.Release|Any CPU.Build.0 = Release|Any CPU
		{9ED3B160-05B3-4596-BABF-B68754E21303}.Debug|Any CPU.ActiveCfg = Debug|Any CPU
		{9ED3B160-05B3-4596-BABF-B68754E21303}.Debug|Any CPU.Build.0 = Debug|Any CPU
		{9ED3B160-05B3-4596-BABF-B68754E21303}.Release|Any CPU.ActiveCfg = Release|Any CPU
		{9ED3B160-05B3-4596-BABF-B68754E21303}.Release|Any CPU.Build.0 = Release|Any CPU
		{3A31AF7E-BAB9-4300-8D93-64C06A3F8AFD}.Debug|Any CPU.ActiveCfg = Debug|Any CPU
		{3A31AF7E-BAB9-4300-8D93-64C06A3F8AFD}.Debug|Any CPU.Build.0 = Debug|Any CPU
		{3A31AF7E-BAB9-4300-8D93-64C06A3F8AFD}.Release|Any CPU.ActiveCfg = Release|Any CPU
		{3A31AF7E-BAB9-4300-8D93-64C06A3F8AFD}.Release|Any CPU.Build.0 = Release|Any CPU
	EndGlobalSection
	GlobalSection(SolutionProperties) = preSolution
		HideSolutionNode = FALSE
	EndGlobalSection
EndGlobal
